
Microsoft Visual Studio Solution File, Format Version 12.00
# Visual Studio Version 17
VisualStudioVersion = 17.1.32319.34
MinimumVisualStudioVersion = 10.0.40219.1
Project("{FAE04EC0-301F-11D3-BF4B-00C04F79EFBC}") = "ProjectRSA", "ProjectRSA.csproj", "{F37FBDC3-ACEA-4FA5-B43C-0060EB83F271}"
EndProject
Global
	GlobalSection(SolutionConfigurationPlatforms) = preSolution
		Debug|Any CPU = Debug|Any CPU
		Release|Any CPU = Release|Any CPU
	EndGlobalSection
	GlobalSection(ProjectConfigurationPlatforms) = postSolution
		{F37FBDC3-ACEA-4FA5-B43C-0060EB83F271}.Debug|Any CPU.ActiveCfg = Debug|Any CPU
		{F37FBDC3-ACEA-4FA5-B43C-0060EB83F271}.Debug|Any CPU.Build.0 = Debug|Any CPU
		{F37FBDC3-ACEA-4FA5-B43C-0060EB83F271}.Release|Any CPU.ActiveCfg = Release|Any CPU
		{F37FBDC3-ACEA-4FA5-B43C-0060EB83F271}.Release|Any CPU.Build.0 = Release|Any CPU
	EndGlobalSection
	GlobalSection(SolutionProperties) = preSolution
		HideSolutionNode = FALSE
	EndGlobalSection
	GlobalSection(ExtensibilityGlobals) = postSolution
		SolutionGuid = {EBC9959E-3D3E-46F5-B9F0-C7C06C2B68F4}
	EndGlobalSection
EndGlobal
