
Microsoft Visual Studio Solution File, Format Version 12.00
# Visual Studio Version 17
VisualStudioVersion = 17.0.32126.317
MinimumVisualStudioVersion = 10.0.40219.1
Project("{FAE04EC0-301F-11D3-BF4B-00C04F79EFBC}") = "TranspositionCipher", "TranspositionCipher.csproj", "{BB71434E-AE9A-4343-A30C-D49B4C5DD6EA}"
EndProject
Global
	GlobalSection(SolutionConfigurationPlatforms) = preSolution
		Debug|Any CPU = Debug|Any CPU
		Release|Any CPU = Release|Any CPU
	EndGlobalSection
	GlobalSection(ProjectConfigurationPlatforms) = postSolution
		{BB71434E-AE9A-4343-A30C-D49B4C5DD6EA}.Debug|Any CPU.ActiveCfg = Debug|Any CPU
		{BB71434E-AE9A-4343-A30C-D49B4C5DD6EA}.Debug|Any CPU.Build.0 = Debug|Any CPU
		{BB71434E-AE9A-4343-A30C-D49B4C5DD6EA}.Release|Any CPU.ActiveCfg = Release|Any CPU
		{BB71434E-AE9A-4343-A30C-D49B4C5DD6EA}.Release|Any CPU.Build.0 = Release|Any CPU
	EndGlobalSection
	GlobalSection(SolutionProperties) = preSolution
		HideSolutionNode = FALSE
	EndGlobalSection
	GlobalSection(ExtensibilityGlobals) = postSolution
		SolutionGuid = {70A8006B-2A83-49F0-A870-8F0136D19EFE}
	EndGlobalSection
EndGlobal
